
Microsoft Visual Studio Solution File, Format Version 12.00
# Visual Studio Version 16
VisualStudioVersion = 16.0.31105.61
MinimumVisualStudioVersion = 10.0.40219.1
Project("{FAE04EC0-301F-11D3-BF4B-00C04F79EFBC}") = "Laba4_ProducerConsumer", "Laba4_ProducerConsumer\Laba4_ProducerConsumer.csproj", "{AAEE0E28-8C19-4338-8FB2-BD4D41ADFCB6}"
EndProject
Global
	GlobalSection(SolutionConfigurationPlatforms) = preSolution
		Debug|Any CPU = Debug|Any CPU
		Release|Any CPU = Release|Any CPU
	EndGlobalSection
	GlobalSection(ProjectConfigurationPlatforms) = postSolution
		{AAEE0E28-8C19-4338-8FB2-BD4D41ADFCB6}.Debug|Any CPU.ActiveCfg = Debug|Any CPU
		{AAEE0E28-8C19-4338-8FB2-BD4D41ADFCB6}.Debug|Any CPU.Build.0 = Debug|Any CPU
		{AAEE0E28-8C19-4338-8FB2-BD4D41ADFCB6}.Release|Any CPU.ActiveCfg = Release|Any CPU
		{AAEE0E28-8C19-4338-8FB2-BD4D41ADFCB6}.Release|Any CPU.Build.0 = Release|Any CPU
	EndGlobalSection
	GlobalSection(SolutionProperties) = preSolution
		HideSolutionNode = FALSE
	EndGlobalSection
	GlobalSection(ExtensibilityGlobals) = postSolution
		SolutionGuid = {F8AEDC05-AB57-4EBC-98DC-8339ED25F714}
	EndGlobalSection
EndGlobal
